// !$*UTF8*$!
{
	archiveVersion = 1;
	classes = {
	};
	objectVersion = 55;
	objects = {

/* Begin PBXBuildFile section */
		280D0624A6EAD014CD90AD7E /* Pods_SwiftUI_UserLocation_SwiftUI_UserLocationUITests.framework in Frameworks */ = {isa = PBXBuildFile; fileRef = C62DBF0FF1935DAD81B6AC53 /* Pods_SwiftUI_UserLocation_SwiftUI_UserLocationUITests.framework */; };
		4F73652F2996B20700B7E2EF /* LaunchScreen.swift in Sources */ = {isa = PBXBuildFile; fileRef = 4F73652E2996B20700B7E2EF /* LaunchScreen.swift */; };
		4FA0BA53299A008A00A5EBBC /* NavigationTabs.swift in Sources */ = {isa = PBXBuildFile; fileRef = 4FA0BA52299A008A00A5EBBC /* NavigationTabs.swift */; };
		67D60623668338209C00A8F4 /* Pods_SwiftUI_UserLocationTests.framework in Frameworks */ = {isa = PBXBuildFile; fileRef = 02A39702391BE89FBCD90C6D /* Pods_SwiftUI_UserLocationTests.framework */; };
		7C7589DF29871BC300A2443A /* InferenceView.swift in Sources */ = {isa = PBXBuildFile; fileRef = 7C7589DE29871BC300A2443A /* InferenceView.swift */; };
		7C7589E1298736CE00A2443A /* dataset.txt in Resources */ = {isa = PBXBuildFile; fileRef = 7C7589E0298736CE00A2443A /* dataset.txt */; };
		7CB2CC05297B83FE005C248E /* SwiftUI_UserLocationApp.swift in Sources */ = {isa = PBXBuildFile; fileRef = 7CB2CC04297B83FE005C248E /* SwiftUI_UserLocationApp.swift */; };
		7CB2CC07297B83FE005C248E /* ContentView.swift in Sources */ = {isa = PBXBuildFile; fileRef = 7CB2CC06297B83FE005C248E /* ContentView.swift */; };
		7CB2CC09297B8400005C248E /* Assets.xcassets in Resources */ = {isa = PBXBuildFile; fileRef = 7CB2CC08297B8400005C248E /* Assets.xcassets */; };
		7CB2CC0C297B8400005C248E /* Preview Assets.xcassets in Resources */ = {isa = PBXBuildFile; fileRef = 7CB2CC0B297B8400005C248E /* Preview Assets.xcassets */; };
		7CB2CC16297B8400005C248E /* SwiftUI_UserLocationTests.swift in Sources */ = {isa = PBXBuildFile; fileRef = 7CB2CC15297B8400005C248E /* SwiftUI_UserLocationTests.swift */; };
		7CB2CC20297B8401005C248E /* SwiftUI_UserLocationUITests.swift in Sources */ = {isa = PBXBuildFile; fileRef = 7CB2CC1F297B8401005C248E /* SwiftUI_UserLocationUITests.swift */; };
		7CB2CC22297B8401005C248E /* SwiftUI_UserLocationUITestsLaunchTests.swift in Sources */ = {isa = PBXBuildFile; fileRef = 7CB2CC21297B8401005C248E /* SwiftUI_UserLocationUITestsLaunchTests.swift */; };
		7CB2CC2F297B9458005C248E /* ContentViewModel.swift in Sources */ = {isa = PBXBuildFile; fileRef = 7CB2CC2E297B9458005C248E /* ContentViewModel.swift */; };
		7CCB3F7D29821104005DB670 /* DataView.swift in Sources */ = {isa = PBXBuildFile; fileRef = 7CCB3F7C29821104005DB670 /* DataView.swift */; };
		7CCB3F7F29821326005DB670 /* Persistence.swift in Sources */ = {isa = PBXBuildFile; fileRef = 7CCB3F7E29821326005DB670 /* Persistence.swift */; };
		7CCB3F8229821372005DB670 /* Locations.xcdatamodeld in Sources */ = {isa = PBXBuildFile; fileRef = 7CCB3F8029821372005DB670 /* Locations.xcdatamodeld */; };
		7CCF422729A5985900BB7906 /* config.json in Resources */ = {isa = PBXBuildFile; fileRef = 7CCF422629A5985900BB7906 /* config.json */; };
		7CD934EB29861FB400E98C33 /* Location+CoreDataClass.swift in Sources */ = {isa = PBXBuildFile; fileRef = 7CD934E729861FB400E98C33 /* Location+CoreDataClass.swift */; };
		7CD934EC29861FB400E98C33 /* Location+CoreDataProperties.swift in Sources */ = {isa = PBXBuildFile; fileRef = 7CD934E829861FB400E98C33 /* Location+CoreDataProperties.swift */; };
		7CD934ED29861FB400E98C33 /* Name+CoreDataClass.swift in Sources */ = {isa = PBXBuildFile; fileRef = 7CD934E929861FB400E98C33 /* Name+CoreDataClass.swift */; };
		7CD934EE29861FB400E98C33 /* Name+CoreDataProperties.swift in Sources */ = {isa = PBXBuildFile; fileRef = 7CD934EA29861FB400E98C33 /* Name+CoreDataProperties.swift */; };
		A4E5420F5A4263DB854762E1 /* Pods_SwiftUI_UserLocation.framework in Frameworks */ = {isa = PBXBuildFile; fileRef = 31EE012BDC0BBDF05D0E1C6E /* Pods_SwiftUI_UserLocation.framework */; };
/* End PBXBuildFile section */

/* Begin PBXContainerItemProxy section */
		7CB2CC12297B8400005C248E /* PBXContainerItemProxy */ = {
			isa = PBXContainerItemProxy;
			containerPortal = 7CB2CBF9297B83FE005C248E /* Project object */;
			proxyType = 1;
			remoteGlobalIDString = 7CB2CC00297B83FE005C248E;
			remoteInfo = "SwiftUI-UserLocation";
		};
		7CB2CC1C297B8401005C248E /* PBXContainerItemProxy */ = {
			isa = PBXContainerItemProxy;
			containerPortal = 7CB2CBF9297B83FE005C248E /* Project object */;
			proxyType = 1;
			remoteGlobalIDString = 7CB2CC00297B83FE005C248E;
			remoteInfo = "SwiftUI-UserLocation";
		};
/* End PBXContainerItemProxy section */

/* Begin PBXFileReference section */
		02A39702391BE89FBCD90C6D /* Pods_SwiftUI_UserLocationTests.framework */ = {isa = PBXFileReference; explicitFileType = wrapper.framework; includeInIndex = 0; path = Pods_SwiftUI_UserLocationTests.framework; sourceTree = BUILT_PRODUCTS_DIR; };
		05A9CE620EF297CA6EFF89E9 /* Pods-SwiftUI-UserLocation.debug.xcconfig */ = {isa = PBXFileReference; includeInIndex = 1; lastKnownFileType = text.xcconfig; name = "Pods-SwiftUI-UserLocation.debug.xcconfig"; path = "Target Support Files/Pods-SwiftUI-UserLocation/Pods-SwiftUI-UserLocation.debug.xcconfig"; sourceTree = "<group>"; };
		31EE012BDC0BBDF05D0E1C6E /* Pods_SwiftUI_UserLocation.framework */ = {isa = PBXFileReference; explicitFileType = wrapper.framework; includeInIndex = 0; path = Pods_SwiftUI_UserLocation.framework; sourceTree = BUILT_PRODUCTS_DIR; };
		4EEB5F786365A26911204CDD /* Pods-SwiftUI-UserLocationTests.release.xcconfig */ = {isa = PBXFileReference; includeInIndex = 1; lastKnownFileType = text.xcconfig; name = "Pods-SwiftUI-UserLocationTests.release.xcconfig"; path = "Target Support Files/Pods-SwiftUI-UserLocationTests/Pods-SwiftUI-UserLocationTests.release.xcconfig"; sourceTree = "<group>"; };
		4F73652E2996B20700B7E2EF /* LaunchScreen.swift */ = {isa = PBXFileReference; lastKnownFileType = sourcecode.swift; path = LaunchScreen.swift; sourceTree = "<group>"; };
		4FA0BA52299A008A00A5EBBC /* NavigationTabs.swift */ = {isa = PBXFileReference; lastKnownFileType = sourcecode.swift; path = NavigationTabs.swift; sourceTree = "<group>"; };
		4FABFEA329A000FC00E979E1 /* config.json */ = {isa = PBXFileReference; lastKnownFileType = text.json; name = config.json; path = ../../config.json; sourceTree = "<group>"; };
		54D121C6394B9434BD81D692 /* Pods-SwiftUI-UserLocation-SwiftUI-UserLocationUITests.release.xcconfig */ = {isa = PBXFileReference; includeInIndex = 1; lastKnownFileType = text.xcconfig; name = "Pods-SwiftUI-UserLocation-SwiftUI-UserLocationUITests.release.xcconfig"; path = "Target Support Files/Pods-SwiftUI-UserLocation-SwiftUI-UserLocationUITests/Pods-SwiftUI-UserLocation-SwiftUI-UserLocationUITests.release.xcconfig"; sourceTree = "<group>"; };
		6F51D560C1BF64896A993FFD /* Pods-SwiftUI-UserLocation.release.xcconfig */ = {isa = PBXFileReference; includeInIndex = 1; lastKnownFileType = text.xcconfig; name = "Pods-SwiftUI-UserLocation.release.xcconfig"; path = "Target Support Files/Pods-SwiftUI-UserLocation/Pods-SwiftUI-UserLocation.release.xcconfig"; sourceTree = "<group>"; };
		7C7589DE29871BC300A2443A /* InferenceView.swift */ = {isa = PBXFileReference; lastKnownFileType = sourcecode.swift; path = InferenceView.swift; sourceTree = "<group>"; };
		7C7589E0298736CE00A2443A /* dataset.txt */ = {isa = PBXFileReference; fileEncoding = 4; lastKnownFileType = text; path = dataset.txt; sourceTree = "<group>"; };
		7CB2CC01297B83FE005C248E /* SwiftUI-UserLocation.app */ = {isa = PBXFileReference; explicitFileType = wrapper.application; includeInIndex = 0; path = "SwiftUI-UserLocation.app"; sourceTree = BUILT_PRODUCTS_DIR; };
		7CB2CC04297B83FE005C248E /* SwiftUI_UserLocationApp.swift */ = {isa = PBXFileReference; lastKnownFileType = sourcecode.swift; path = SwiftUI_UserLocationApp.swift; sourceTree = "<group>"; };
		7CB2CC06297B83FE005C248E /* ContentView.swift */ = {isa = PBXFileReference; lastKnownFileType = sourcecode.swift; path = ContentView.swift; sourceTree = "<group>"; };
		7CB2CC08297B8400005C248E /* Assets.xcassets */ = {isa = PBXFileReference; lastKnownFileType = folder.assetcatalog; path = Assets.xcassets; sourceTree = "<group>"; };
		7CB2CC0B297B8400005C248E /* Preview Assets.xcassets */ = {isa = PBXFileReference; lastKnownFileType = folder.assetcatalog; path = "Preview Assets.xcassets"; sourceTree = "<group>"; };
		7CB2CC11297B8400005C248E /* SwiftUI-UserLocationTests.xctest */ = {isa = PBXFileReference; explicitFileType = wrapper.cfbundle; includeInIndex = 0; path = "SwiftUI-UserLocationTests.xctest"; sourceTree = BUILT_PRODUCTS_DIR; };
		7CB2CC15297B8400005C248E /* SwiftUI_UserLocationTests.swift */ = {isa = PBXFileReference; lastKnownFileType = sourcecode.swift; path = SwiftUI_UserLocationTests.swift; sourceTree = "<group>"; };
		7CB2CC1B297B8401005C248E /* SwiftUI-UserLocationUITests.xctest */ = {isa = PBXFileReference; explicitFileType = wrapper.cfbundle; includeInIndex = 0; path = "SwiftUI-UserLocationUITests.xctest"; sourceTree = BUILT_PRODUCTS_DIR; };
		7CB2CC1F297B8401005C248E /* SwiftUI_UserLocationUITests.swift */ = {isa = PBXFileReference; lastKnownFileType = sourcecode.swift; path = SwiftUI_UserLocationUITests.swift; sourceTree = "<group>"; };
		7CB2CC21297B8401005C248E /* SwiftUI_UserLocationUITestsLaunchTests.swift */ = {isa = PBXFileReference; lastKnownFileType = sourcecode.swift; path = SwiftUI_UserLocationUITestsLaunchTests.swift; sourceTree = "<group>"; };
		7CB2CC2E297B9458005C248E /* ContentViewModel.swift */ = {isa = PBXFileReference; lastKnownFileType = sourcecode.swift; path = ContentViewModel.swift; sourceTree = "<group>"; };
		7CCB3F7C29821104005DB670 /* DataView.swift */ = {isa = PBXFileReference; lastKnownFileType = sourcecode.swift; path = DataView.swift; sourceTree = "<group>"; };
		7CCB3F7E29821326005DB670 /* Persistence.swift */ = {isa = PBXFileReference; lastKnownFileType = sourcecode.swift; path = Persistence.swift; sourceTree = "<group>"; };
		7CCB3F8129821372005DB670 /* Locations.xcdatamodel */ = {isa = PBXFileReference; lastKnownFileType = wrapper.xcdatamodel; path = Locations.xcdatamodel; sourceTree = "<group>"; };
		7CCF422629A5985900BB7906 /* config.json */ = {isa = PBXFileReference; fileEncoding = 4; lastKnownFileType = text.json; path = config.json; sourceTree = "<group>"; };
		7CD934DE29861C6100E98C33 /* Locations Updated.xcdatamodel */ = {isa = PBXFileReference; lastKnownFileType = wrapper.xcdatamodel; path = "Locations Updated.xcdatamodel"; sourceTree = "<group>"; };
		7CD934E729861FB400E98C33 /* Location+CoreDataClass.swift */ = {isa = PBXFileReference; lastKnownFileType = sourcecode.swift; path = "Location+CoreDataClass.swift"; sourceTree = "<group>"; };
		7CD934E829861FB400E98C33 /* Location+CoreDataProperties.swift */ = {isa = PBXFileReference; lastKnownFileType = sourcecode.swift; path = "Location+CoreDataProperties.swift"; sourceTree = "<group>"; };
		7CD934E929861FB400E98C33 /* Name+CoreDataClass.swift */ = {isa = PBXFileReference; lastKnownFileType = sourcecode.swift; path = "Name+CoreDataClass.swift"; sourceTree = "<group>"; };
		7CD934EA29861FB400E98C33 /* Name+CoreDataProperties.swift */ = {isa = PBXFileReference; lastKnownFileType = sourcecode.swift; path = "Name+CoreDataProperties.swift"; sourceTree = "<group>"; };
		9EEE7553EFF5427550931009 /* Pods-SwiftUI-UserLocation-SwiftUI-UserLocationUITests.debug.xcconfig */ = {isa = PBXFileReference; includeInIndex = 1; lastKnownFileType = text.xcconfig; name = "Pods-SwiftUI-UserLocation-SwiftUI-UserLocationUITests.debug.xcconfig"; path = "Target Support Files/Pods-SwiftUI-UserLocation-SwiftUI-UserLocationUITests/Pods-SwiftUI-UserLocation-SwiftUI-UserLocationUITests.debug.xcconfig"; sourceTree = "<group>"; };
		C62DBF0FF1935DAD81B6AC53 /* Pods_SwiftUI_UserLocation_SwiftUI_UserLocationUITests.framework */ = {isa = PBXFileReference; explicitFileType = wrapper.framework; includeInIndex = 0; path = Pods_SwiftUI_UserLocation_SwiftUI_UserLocationUITests.framework; sourceTree = BUILT_PRODUCTS_DIR; };
		F1EF407A915416460385D6B8 /* Pods-SwiftUI-UserLocationTests.debug.xcconfig */ = {isa = PBXFileReference; includeInIndex = 1; lastKnownFileType = text.xcconfig; name = "Pods-SwiftUI-UserLocationTests.debug.xcconfig"; path = "Target Support Files/Pods-SwiftUI-UserLocationTests/Pods-SwiftUI-UserLocationTests.debug.xcconfig"; sourceTree = "<group>"; };
/* End PBXFileReference section */

/* Begin PBXFrameworksBuildPhase section */
		7CB2CBFE297B83FE005C248E /* Frameworks */ = {
			isa = PBXFrameworksBuildPhase;
			buildActionMask = 2147483647;
			files = (
				A4E5420F5A4263DB854762E1 /* Pods_SwiftUI_UserLocation.framework in Frameworks */,
			);
			runOnlyForDeploymentPostprocessing = 0;
		};
		7CB2CC0E297B8400005C248E /* Frameworks */ = {
			isa = PBXFrameworksBuildPhase;
			buildActionMask = 2147483647;
			files = (
				67D60623668338209C00A8F4 /* Pods_SwiftUI_UserLocationTests.framework in Frameworks */,
			);
			runOnlyForDeploymentPostprocessing = 0;
		};
		7CB2CC18297B8401005C248E /* Frameworks */ = {
			isa = PBXFrameworksBuildPhase;
			buildActionMask = 2147483647;
			files = (
				280D0624A6EAD014CD90AD7E /* Pods_SwiftUI_UserLocation_SwiftUI_UserLocationUITests.framework in Frameworks */,
			);
			runOnlyForDeploymentPostprocessing = 0;
		};
/* End PBXFrameworksBuildPhase section */

/* Begin PBXGroup section */
		179CCA8EFC34F90AC9B51D3F /* Pods */ = {
			isa = PBXGroup;
			children = (
				05A9CE620EF297CA6EFF89E9 /* Pods-SwiftUI-UserLocation.debug.xcconfig */,
				6F51D560C1BF64896A993FFD /* Pods-SwiftUI-UserLocation.release.xcconfig */,
				9EEE7553EFF5427550931009 /* Pods-SwiftUI-UserLocation-SwiftUI-UserLocationUITests.debug.xcconfig */,
				54D121C6394B9434BD81D692 /* Pods-SwiftUI-UserLocation-SwiftUI-UserLocationUITests.release.xcconfig */,
				F1EF407A915416460385D6B8 /* Pods-SwiftUI-UserLocationTests.debug.xcconfig */,
				4EEB5F786365A26911204CDD /* Pods-SwiftUI-UserLocationTests.release.xcconfig */,
			);
			path = Pods;
			sourceTree = "<group>";
		};
		296812DC29A7A681005DCAC4 /* Recovered References */ = {
			isa = PBXGroup;
			children = (
				7CCF422629A5985900BB7906 /* config.json */,
			);
			name = "Recovered References";
			sourceTree = "<group>";
		};
		4F73652D2996B1E900B7E2EF /* LaunchScreen */ = {
			isa = PBXGroup;
			children = (
				4F73652E2996B20700B7E2EF /* LaunchScreen.swift */,
			);
			path = LaunchScreen;
			sourceTree = "<group>";
		};
		4F7365322996B4DD00B7E2EF /* MainViews */ = {
			isa = PBXGroup;
			children = (
				7CB2CC06297B83FE005C248E /* ContentView.swift */,
				7CCB3F7C29821104005DB670 /* DataView.swift */,
				7C7589DE29871BC300A2443A /* InferenceView.swift */,
				4FA0BA52299A008A00A5EBBC /* NavigationTabs.swift */,
			);
			path = MainViews;
			sourceTree = "<group>";
		};
		7CB2CBF8297B83FE005C248E = {
			isa = PBXGroup;
			children = (
				4FABFEA329A000FC00E979E1 /* config.json */,
				4F73652D2996B1E900B7E2EF /* LaunchScreen */,
				7CB2CC03297B83FE005C248E /* SwiftUI-UserLocation */,
				7CB2CC14297B8400005C248E /* SwiftUI-UserLocationTests */,
				7CB2CC1E297B8401005C248E /* SwiftUI-UserLocationUITests */,
				7CB2CC02297B83FE005C248E /* Products */,
				179CCA8EFC34F90AC9B51D3F /* Pods */,
				9848B30C918C56131485E26F /* Frameworks */,
				296812DC29A7A681005DCAC4 /* Recovered References */,
			);
			sourceTree = "<group>";
		};
		7CB2CC02297B83FE005C248E /* Products */ = {
			isa = PBXGroup;
			children = (
				7CB2CC01297B83FE005C248E /* SwiftUI-UserLocation.app */,
				7CB2CC11297B8400005C248E /* SwiftUI-UserLocationTests.xctest */,
				7CB2CC1B297B8401005C248E /* SwiftUI-UserLocationUITests.xctest */,
			);
			name = Products;
			sourceTree = "<group>";
		};
		7CB2CC03297B83FE005C248E /* SwiftUI-UserLocation */ = {
			isa = PBXGroup;
			children = (
				7CCB3F8B29821420005DB670 /* Models */,
				7CCB3F8029821372005DB670 /* Locations.xcdatamodeld */,
				7CCB3F7E29821326005DB670 /* Persistence.swift */,
				7CB2CC04297B83FE005C248E /* SwiftUI_UserLocationApp.swift */,
				7CB2CC2E297B9458005C248E /* ContentViewModel.swift */,
				4F7365322996B4DD00B7E2EF /* MainViews */,
				7C7589E0298736CE00A2443A /* dataset.txt */,
				7CB2CC08297B8400005C248E /* Assets.xcassets */,
				7CB2CC0A297B8400005C248E /* Preview Content */,
			);
			path = "SwiftUI-UserLocation";
			sourceTree = "<group>";
		};
		7CB2CC0A297B8400005C248E /* Preview Content */ = {
			isa = PBXGroup;
			children = (
				7CB2CC0B297B8400005C248E /* Preview Assets.xcassets */,
			);
			path = "Preview Content";
			sourceTree = "<group>";
		};
		7CB2CC14297B8400005C248E /* SwiftUI-UserLocationTests */ = {
			isa = PBXGroup;
			children = (
				7CB2CC15297B8400005C248E /* SwiftUI_UserLocationTests.swift */,
			);
			path = "SwiftUI-UserLocationTests";
			sourceTree = "<group>";
		};
		7CB2CC1E297B8401005C248E /* SwiftUI-UserLocationUITests */ = {
			isa = PBXGroup;
			children = (
				7CB2CC1F297B8401005C248E /* SwiftUI_UserLocationUITests.swift */,
				7CB2CC21297B8401005C248E /* SwiftUI_UserLocationUITestsLaunchTests.swift */,
			);
			path = "SwiftUI-UserLocationUITests";
			sourceTree = "<group>";
		};
		7CCB3F8B29821420005DB670 /* Models */ = {
			isa = PBXGroup;
			children = (
				7CD934E729861FB400E98C33 /* Location+CoreDataClass.swift */,
				7CD934E829861FB400E98C33 /* Location+CoreDataProperties.swift */,
				7CD934E929861FB400E98C33 /* Name+CoreDataClass.swift */,
				7CD934EA29861FB400E98C33 /* Name+CoreDataProperties.swift */,
			);
			path = Models;
			sourceTree = "<group>";
		};
		9848B30C918C56131485E26F /* Frameworks */ = {
			isa = PBXGroup;
			children = (
				31EE012BDC0BBDF05D0E1C6E /* Pods_SwiftUI_UserLocation.framework */,
				C62DBF0FF1935DAD81B6AC53 /* Pods_SwiftUI_UserLocation_SwiftUI_UserLocationUITests.framework */,
				02A39702391BE89FBCD90C6D /* Pods_SwiftUI_UserLocationTests.framework */,
			);
			name = Frameworks;
			sourceTree = "<group>";
		};
/* End PBXGroup section */

/* Begin PBXNativeTarget section */
		7CB2CC00297B83FE005C248E /* SwiftUI-UserLocation */ = {
			isa = PBXNativeTarget;
			buildConfigurationList = 7CB2CC25297B8401005C248E /* Build configuration list for PBXNativeTarget "SwiftUI-UserLocation" */;
			buildPhases = (
				32D6419093CFFD10B733816A /* [CP] Check Pods Manifest.lock */,
				7CB2CBFD297B83FE005C248E /* Sources */,
				7CB2CBFE297B83FE005C248E /* Frameworks */,
				7CB2CBFF297B83FE005C248E /* Resources */,
				A452FCA27F81728364F45470 /* [CP] Copy Pods Resources */,
			);
			buildRules = (
			);
			dependencies = (
			);
			name = "SwiftUI-UserLocation";
			productName = "SwiftUI-UserLocation";
			productReference = 7CB2CC01297B83FE005C248E /* SwiftUI-UserLocation.app */;
			productType = "com.apple.product-type.application";
		};
		7CB2CC10297B8400005C248E /* SwiftUI-UserLocationTests */ = {
			isa = PBXNativeTarget;
			buildConfigurationList = 7CB2CC28297B8401005C248E /* Build configuration list for PBXNativeTarget "SwiftUI-UserLocationTests" */;
			buildPhases = (
				BF8B4CE7E2A28915ECCCD177 /* [CP] Check Pods Manifest.lock */,
				7CB2CC0D297B8400005C248E /* Sources */,
				7CB2CC0E297B8400005C248E /* Frameworks */,
				7CB2CC0F297B8400005C248E /* Resources */,
			);
			buildRules = (
			);
			dependencies = (
				7CB2CC13297B8400005C248E /* PBXTargetDependency */,
			);
			name = "SwiftUI-UserLocationTests";
			productName = "SwiftUI-UserLocationTests";
			productReference = 7CB2CC11297B8400005C248E /* SwiftUI-UserLocationTests.xctest */;
			productType = "com.apple.product-type.bundle.unit-test";
		};
		7CB2CC1A297B8401005C248E /* SwiftUI-UserLocationUITests */ = {
			isa = PBXNativeTarget;
			buildConfigurationList = 7CB2CC2B297B8401005C248E /* Build configuration list for PBXNativeTarget "SwiftUI-UserLocationUITests" */;
			buildPhases = (
				1ABF111EF4368BB230DED73A /* [CP] Check Pods Manifest.lock */,
				7CB2CC17297B8401005C248E /* Sources */,
				7CB2CC18297B8401005C248E /* Frameworks */,
				7CB2CC19297B8401005C248E /* Resources */,
				812FFE0960B43E86BE4883CB /* [CP] Copy Pods Resources */,
			);
			buildRules = (
			);
			dependencies = (
				7CB2CC1D297B8401005C248E /* PBXTargetDependency */,
			);
			name = "SwiftUI-UserLocationUITests";
			productName = "SwiftUI-UserLocationUITests";
			productReference = 7CB2CC1B297B8401005C248E /* SwiftUI-UserLocationUITests.xctest */;
			productType = "com.apple.product-type.bundle.ui-testing";
		};
/* End PBXNativeTarget section */

/* Begin PBXProject section */
		7CB2CBF9297B83FE005C248E /* Project object */ = {
			isa = PBXProject;
			attributes = {
				BuildIndependentTargetsInParallel = 1;
				LastSwiftUpdateCheck = 1340;
				LastUpgradeCheck = 1340;
				TargetAttributes = {
					7CB2CC00297B83FE005C248E = {
						CreatedOnToolsVersion = 13.4.1;
					};
					7CB2CC10297B8400005C248E = {
						CreatedOnToolsVersion = 13.4.1;
						TestTargetID = 7CB2CC00297B83FE005C248E;
					};
					7CB2CC1A297B8401005C248E = {
						CreatedOnToolsVersion = 13.4.1;
						TestTargetID = 7CB2CC00297B83FE005C248E;
					};
				};
			};
			buildConfigurationList = 7CB2CBFC297B83FE005C248E /* Build configuration list for PBXProject "SwiftUI-UserLocation" */;
			compatibilityVersion = "Xcode 13.0";
			developmentRegion = en;
			hasScannedForEncodings = 0;
			knownRegions = (
				en,
				Base,
			);
			mainGroup = 7CB2CBF8297B83FE005C248E;
			productRefGroup = 7CB2CC02297B83FE005C248E /* Products */;
			projectDirPath = "";
			projectRoot = "";
			targets = (
				7CB2CC00297B83FE005C248E /* SwiftUI-UserLocation */,
				7CB2CC10297B8400005C248E /* SwiftUI-UserLocationTests */,
				7CB2CC1A297B8401005C248E /* SwiftUI-UserLocationUITests */,
			);
		};
/* End PBXProject section */

/* Begin PBXResourcesBuildPhase section */
		7CB2CBFF297B83FE005C248E /* Resources */ = {
			isa = PBXResourcesBuildPhase;
			buildActionMask = 2147483647;
			files = (
				7CB2CC0C297B8400005C248E /* Preview Assets.xcassets in Resources */,
				7CCF422729A5985900BB7906 /* config.json in Resources */,
				7C7589E1298736CE00A2443A /* dataset.txt in Resources */,
				7CB2CC09297B8400005C248E /* Assets.xcassets in Resources */,
			);
			runOnlyForDeploymentPostprocessing = 0;
		};
		7CB2CC0F297B8400005C248E /* Resources */ = {
			isa = PBXResourcesBuildPhase;
			buildActionMask = 2147483647;
			files = (
			);
			runOnlyForDeploymentPostprocessing = 0;
		};
		7CB2CC19297B8401005C248E /* Resources */ = {
			isa = PBXResourcesBuildPhase;
			buildActionMask = 2147483647;
			files = (
			);
			runOnlyForDeploymentPostprocessing = 0;
		};
/* End PBXResourcesBuildPhase section */

/* Begin PBXShellScriptBuildPhase section */
		1ABF111EF4368BB230DED73A /* [CP] Check Pods Manifest.lock */ = {
			isa = PBXShellScriptBuildPhase;
			buildActionMask = 2147483647;
			files = (
			);
			inputFileListPaths = (
			);
			inputPaths = (
				"${PODS_PODFILE_DIR_PATH}/Podfile.lock",
				"${PODS_ROOT}/Manifest.lock",
			);
			name = "[CP] Check Pods Manifest.lock";
			outputFileListPaths = (
			);
			outputPaths = (
				"$(DERIVED_FILE_DIR)/Pods-SwiftUI-UserLocation-SwiftUI-UserLocationUITests-checkManifestLockResult.txt",
			);
			runOnlyForDeploymentPostprocessing = 0;
			shellPath = /bin/sh;
			shellScript = "diff \"${PODS_PODFILE_DIR_PATH}/Podfile.lock\" \"${PODS_ROOT}/Manifest.lock\" > /dev/null\nif [ $? != 0 ] ; then\n    # print error to STDERR\n    echo \"error: The sandbox is not in sync with the Podfile.lock. Run 'pod install' or update your CocoaPods installation.\" >&2\n    exit 1\nfi\n# This output is used by Xcode 'outputs' to avoid re-running this script phase.\necho \"SUCCESS\" > \"${SCRIPT_OUTPUT_FILE_0}\"\n";
			showEnvVarsInLog = 0;
		};
		32D6419093CFFD10B733816A /* [CP] Check Pods Manifest.lock */ = {
			isa = PBXShellScriptBuildPhase;
			buildActionMask = 2147483647;
			files = (
			);
			inputFileListPaths = (
			);
			inputPaths = (
				"${PODS_PODFILE_DIR_PATH}/Podfile.lock",
				"${PODS_ROOT}/Manifest.lock",
			);
			name = "[CP] Check Pods Manifest.lock";
			outputFileListPaths = (
			);
			outputPaths = (
				"$(DERIVED_FILE_DIR)/Pods-SwiftUI-UserLocation-checkManifestLockResult.txt",
			);
			runOnlyForDeploymentPostprocessing = 0;
			shellPath = /bin/sh;
			shellScript = "diff \"${PODS_PODFILE_DIR_PATH}/Podfile.lock\" \"${PODS_ROOT}/Manifest.lock\" > /dev/null\nif [ $? != 0 ] ; then\n    # print error to STDERR\n    echo \"error: The sandbox is not in sync with the Podfile.lock. Run 'pod install' or update your CocoaPods installation.\" >&2\n    exit 1\nfi\n# This output is used by Xcode 'outputs' to avoid re-running this script phase.\necho \"SUCCESS\" > \"${SCRIPT_OUTPUT_FILE_0}\"\n";
			showEnvVarsInLog = 0;
		};
		812FFE0960B43E86BE4883CB /* [CP] Copy Pods Resources */ = {
			isa = PBXShellScriptBuildPhase;
			buildActionMask = 2147483647;
			files = (
			);
			inputFileListPaths = (
				"${PODS_ROOT}/Target Support Files/Pods-SwiftUI-UserLocation-SwiftUI-UserLocationUITests/Pods-SwiftUI-UserLocation-SwiftUI-UserLocationUITests-resources-${CONFIGURATION}-input-files.xcfilelist",
			);
			name = "[CP] Copy Pods Resources";
			outputFileListPaths = (
				"${PODS_ROOT}/Target Support Files/Pods-SwiftUI-UserLocation-SwiftUI-UserLocationUITests/Pods-SwiftUI-UserLocation-SwiftUI-UserLocationUITests-resources-${CONFIGURATION}-output-files.xcfilelist",
			);
			runOnlyForDeploymentPostprocessing = 0;
			shellPath = /bin/sh;
			shellScript = "\"${PODS_ROOT}/Target Support Files/Pods-SwiftUI-UserLocation-SwiftUI-UserLocationUITests/Pods-SwiftUI-UserLocation-SwiftUI-UserLocationUITests-resources.sh\"\n";
			showEnvVarsInLog = 0;
		};
		A452FCA27F81728364F45470 /* [CP] Copy Pods Resources */ = {
			isa = PBXShellScriptBuildPhase;
			buildActionMask = 2147483647;
			files = (
			);
			inputFileListPaths = (
				"${PODS_ROOT}/Target Support Files/Pods-SwiftUI-UserLocation/Pods-SwiftUI-UserLocation-resources-${CONFIGURATION}-input-files.xcfilelist",
			);
			name = "[CP] Copy Pods Resources";
			outputFileListPaths = (
				"${PODS_ROOT}/Target Support Files/Pods-SwiftUI-UserLocation/Pods-SwiftUI-UserLocation-resources-${CONFIGURATION}-output-files.xcfilelist",
			);
			runOnlyForDeploymentPostprocessing = 0;
			shellPath = /bin/sh;
			shellScript = "\"${PODS_ROOT}/Target Support Files/Pods-SwiftUI-UserLocation/Pods-SwiftUI-UserLocation-resources.sh\"\n";
			showEnvVarsInLog = 0;
		};
		BF8B4CE7E2A28915ECCCD177 /* [CP] Check Pods Manifest.lock */ = {
			isa = PBXShellScriptBuildPhase;
			buildActionMask = 2147483647;
			files = (
			);
			inputFileListPaths = (
			);
			inputPaths = (
				"${PODS_PODFILE_DIR_PATH}/Podfile.lock",
				"${PODS_ROOT}/Manifest.lock",
			);
			name = "[CP] Check Pods Manifest.lock";
			outputFileListPaths = (
			);
			outputPaths = (
				"$(DERIVED_FILE_DIR)/Pods-SwiftUI-UserLocationTests-checkManifestLockResult.txt",
			);
			runOnlyForDeploymentPostprocessing = 0;
			shellPath = /bin/sh;
			shellScript = "diff \"${PODS_PODFILE_DIR_PATH}/Podfile.lock\" \"${PODS_ROOT}/Manifest.lock\" > /dev/null\nif [ $? != 0 ] ; then\n    # print error to STDERR\n    echo \"error: The sandbox is not in sync with the Podfile.lock. Run 'pod install' or update your CocoaPods installation.\" >&2\n    exit 1\nfi\n# This output is used by Xcode 'outputs' to avoid re-running this script phase.\necho \"SUCCESS\" > \"${SCRIPT_OUTPUT_FILE_0}\"\n";
			showEnvVarsInLog = 0;
		};
/* End PBXShellScriptBuildPhase section */

/* Begin PBXSourcesBuildPhase section */
		7CB2CBFD297B83FE005C248E /* Sources */ = {
			isa = PBXSourcesBuildPhase;
			buildActionMask = 2147483647;
			files = (
				7C7589DF29871BC300A2443A /* InferenceView.swift in Sources */,
				7CD934ED29861FB400E98C33 /* Name+CoreDataClass.swift in Sources */,
				7CD934EC29861FB400E98C33 /* Location+CoreDataProperties.swift in Sources */,
				7CD934EE29861FB400E98C33 /* Name+CoreDataProperties.swift in Sources */,
				4FA0BA53299A008A00A5EBBC /* NavigationTabs.swift in Sources */,
				7CD934EB29861FB400E98C33 /* Location+CoreDataClass.swift in Sources */,
				7CB2CC07297B83FE005C248E /* ContentView.swift in Sources */,
				7CB2CC05297B83FE005C248E /* SwiftUI_UserLocationApp.swift in Sources */,
				7CCB3F7D29821104005DB670 /* DataView.swift in Sources */,
				4F73652F2996B20700B7E2EF /* LaunchScreen.swift in Sources */,
				7CB2CC2F297B9458005C248E /* ContentViewModel.swift in Sources */,
				7CCB3F8229821372005DB670 /* Locations.xcdatamodeld in Sources */,
				7CCB3F7F29821326005DB670 /* Persistence.swift in Sources */,
			);
			runOnlyForDeploymentPostprocessing = 0;
		};
		7CB2CC0D297B8400005C248E /* Sources */ = {
			isa = PBXSourcesBuildPhase;
			buildActionMask = 2147483647;
			files = (
				7CB2CC16297B8400005C248E /* SwiftUI_UserLocationTests.swift in Sources */,
			);
			runOnlyForDeploymentPostprocessing = 0;
		};
		7CB2CC17297B8401005C248E /* Sources */ = {
			isa = PBXSourcesBuildPhase;
			buildActionMask = 2147483647;
			files = (
				7CB2CC22297B8401005C248E /* SwiftUI_UserLocationUITestsLaunchTests.swift in Sources */,
				7CB2CC20297B8401005C248E /* SwiftUI_UserLocationUITests.swift in Sources */,
			);
			runOnlyForDeploymentPostprocessing = 0;
		};
/* End PBXSourcesBuildPhase section */

/* Begin PBXTargetDependency section */
		7CB2CC13297B8400005C248E /* PBXTargetDependency */ = {
			isa = PBXTargetDependency;
			target = 7CB2CC00297B83FE005C248E /* SwiftUI-UserLocation */;
			targetProxy = 7CB2CC12297B8400005C248E /* PBXContainerItemProxy */;
		};
		7CB2CC1D297B8401005C248E /* PBXTargetDependency */ = {
			isa = PBXTargetDependency;
			target = 7CB2CC00297B83FE005C248E /* SwiftUI-UserLocation */;
			targetProxy = 7CB2CC1C297B8401005C248E /* PBXContainerItemProxy */;
		};
/* End PBXTargetDependency section */

/* Begin XCBuildConfiguration section */
		7CB2CC23297B8401005C248E /* Debug */ = {
			isa = XCBuildConfiguration;
			buildSettings = {
				ALWAYS_SEARCH_USER_PATHS = NO;
				CLANG_ANALYZER_NONNULL = YES;
				CLANG_ANALYZER_NUMBER_OBJECT_CONVERSION = YES_AGGRESSIVE;
				CLANG_CXX_LANGUAGE_STANDARD = "gnu++17";
				CLANG_ENABLE_MODULES = YES;
				CLANG_ENABLE_OBJC_ARC = YES;
				CLANG_ENABLE_OBJC_WEAK = YES;
				CLANG_WARN_BLOCK_CAPTURE_AUTORELEASING = YES;
				CLANG_WARN_BOOL_CONVERSION = YES;
				CLANG_WARN_COMMA = YES;
				CLANG_WARN_CONSTANT_CONVERSION = YES;
				CLANG_WARN_DEPRECATED_OBJC_IMPLEMENTATIONS = YES;
				CLANG_WARN_DIRECT_OBJC_ISA_USAGE = YES_ERROR;
				CLANG_WARN_DOCUMENTATION_COMMENTS = YES;
				CLANG_WARN_EMPTY_BODY = YES;
				CLANG_WARN_ENUM_CONVERSION = YES;
				CLANG_WARN_INFINITE_RECURSION = YES;
				CLANG_WARN_INT_CONVERSION = YES;
				CLANG_WARN_NON_LITERAL_NULL_CONVERSION = YES;
				CLANG_WARN_OBJC_IMPLICIT_RETAIN_SELF = YES;
				CLANG_WARN_OBJC_LITERAL_CONVERSION = YES;
				CLANG_WARN_OBJC_ROOT_CLASS = YES_ERROR;
				CLANG_WARN_QUOTED_INCLUDE_IN_FRAMEWORK_HEADER = YES;
				CLANG_WARN_RANGE_LOOP_ANALYSIS = YES;
				CLANG_WARN_STRICT_PROTOTYPES = YES;
				CLANG_WARN_SUSPICIOUS_MOVE = YES;
				CLANG_WARN_UNGUARDED_AVAILABILITY = YES_AGGRESSIVE;
				CLANG_WARN_UNREACHABLE_CODE = YES;
				CLANG_WARN__DUPLICATE_METHOD_MATCH = YES;
				COPY_PHASE_STRIP = NO;
				DEBUG_INFORMATION_FORMAT = dwarf;
				ENABLE_STRICT_OBJC_MSGSEND = YES;
				ENABLE_TESTABILITY = YES;
				GCC_C_LANGUAGE_STANDARD = gnu11;
				GCC_DYNAMIC_NO_PIC = NO;
				GCC_NO_COMMON_BLOCKS = YES;
				GCC_OPTIMIZATION_LEVEL = 0;
				GCC_PREPROCESSOR_DEFINITIONS = (
					"DEBUG=1",
					"$(inherited)",
				);
				GCC_WARN_64_TO_32_BIT_CONVERSION = YES;
				GCC_WARN_ABOUT_RETURN_TYPE = YES_ERROR;
				GCC_WARN_UNDECLARED_SELECTOR = YES;
				GCC_WARN_UNINITIALIZED_AUTOS = YES_AGGRESSIVE;
				GCC_WARN_UNUSED_FUNCTION = YES;
				GCC_WARN_UNUSED_VARIABLE = YES;
				INFOPLIST_KEY_UIApplicationSceneManifest_Generation = YES;
				IPHONEOS_DEPLOYMENT_TARGET = 15.5;
				MTL_ENABLE_DEBUG_INFO = INCLUDE_SOURCE;
				MTL_FAST_MATH = YES;
				ONLY_ACTIVE_ARCH = YES;
				SDKROOT = iphoneos;
				SWIFT_ACTIVE_COMPILATION_CONDITIONS = DEBUG;
				SWIFT_OPTIMIZATION_LEVEL = "-Onone";
			};
			name = Debug;
		};
		7CB2CC24297B8401005C248E /* Release */ = {
			isa = XCBuildConfiguration;
			buildSettings = {
				ALWAYS_SEARCH_USER_PATHS = NO;
				CLANG_ANALYZER_NONNULL = YES;
				CLANG_ANALYZER_NUMBER_OBJECT_CONVERSION = YES_AGGRESSIVE;
				CLANG_CXX_LANGUAGE_STANDARD = "gnu++17";
				CLANG_ENABLE_MODULES = YES;
				CLANG_ENABLE_OBJC_ARC = YES;
				CLANG_ENABLE_OBJC_WEAK = YES;
				CLANG_WARN_BLOCK_CAPTURE_AUTORELEASING = YES;
				CLANG_WARN_BOOL_CONVERSION = YES;
				CLANG_WARN_COMMA = YES;
				CLANG_WARN_CONSTANT_CONVERSION = YES;
				CLANG_WARN_DEPRECATED_OBJC_IMPLEMENTATIONS = YES;
				CLANG_WARN_DIRECT_OBJC_ISA_USAGE = YES_ERROR;
				CLANG_WARN_DOCUMENTATION_COMMENTS = YES;
				CLANG_WARN_EMPTY_BODY = YES;
				CLANG_WARN_ENUM_CONVERSION = YES;
				CLANG_WARN_INFINITE_RECURSION = YES;
				CLANG_WARN_INT_CONVERSION = YES;
				CLANG_WARN_NON_LITERAL_NULL_CONVERSION = YES;
				CLANG_WARN_OBJC_IMPLICIT_RETAIN_SELF = YES;
				CLANG_WARN_OBJC_LITERAL_CONVERSION = YES;
				CLANG_WARN_OBJC_ROOT_CLASS = YES_ERROR;
				CLANG_WARN_QUOTED_INCLUDE_IN_FRAMEWORK_HEADER = YES;
				CLANG_WARN_RANGE_LOOP_ANALYSIS = YES;
				CLANG_WARN_STRICT_PROTOTYPES = YES;
				CLANG_WARN_SUSPICIOUS_MOVE = YES;
				CLANG_WARN_UNGUARDED_AVAILABILITY = YES_AGGRESSIVE;
				CLANG_WARN_UNREACHABLE_CODE = YES;
				CLANG_WARN__DUPLICATE_METHOD_MATCH = YES;
				COPY_PHASE_STRIP = NO;
				DEBUG_INFORMATION_FORMAT = "dwarf-with-dsym";
				ENABLE_NS_ASSERTIONS = NO;
				ENABLE_STRICT_OBJC_MSGSEND = YES;
				GCC_C_LANGUAGE_STANDARD = gnu11;
				GCC_NO_COMMON_BLOCKS = YES;
				GCC_WARN_64_TO_32_BIT_CONVERSION = YES;
				GCC_WARN_ABOUT_RETURN_TYPE = YES_ERROR;
				GCC_WARN_UNDECLARED_SELECTOR = YES;
				GCC_WARN_UNINITIALIZED_AUTOS = YES_AGGRESSIVE;
				GCC_WARN_UNUSED_FUNCTION = YES;
				GCC_WARN_UNUSED_VARIABLE = YES;
				INFOPLIST_KEY_UIApplicationSceneManifest_Generation = YES;
				IPHONEOS_DEPLOYMENT_TARGET = 15.5;
				MTL_ENABLE_DEBUG_INFO = NO;
				MTL_FAST_MATH = YES;
				SDKROOT = iphoneos;
				SWIFT_COMPILATION_MODE = wholemodule;
				SWIFT_OPTIMIZATION_LEVEL = "-O";
				VALIDATE_PRODUCT = YES;
			};
			name = Release;
		};
		7CB2CC26297B8401005C248E /* Debug */ = {
			isa = XCBuildConfiguration;
			baseConfigurationReference = 05A9CE620EF297CA6EFF89E9 /* Pods-SwiftUI-UserLocation.debug.xcconfig */;
			buildSettings = {
				ASSETCATALOG_COMPILER_APPICON_NAME = AppIcon;
				ASSETCATALOG_COMPILER_GLOBAL_ACCENT_COLOR_NAME = AccentColor;
				ASSETCATALOG_COMPILER_INCLUDE_ALL_APPICON_ASSETS = YES;
				CODE_SIGN_STYLE = Automatic;
				CURRENT_PROJECT_VERSION = 1;
				DEVELOPMENT_ASSET_PATHS = "\"SwiftUI-UserLocation/Preview Content\"";
				ENABLE_PREVIEWS = YES;
				GENERATE_INFOPLIST_FILE = YES;
				INFOPLIST_KEY_NSLocationWhenInUseUsageDescription = "This app needs your location to show it on the map";
				INFOPLIST_KEY_UIApplicationSceneManifest_Generation = YES;
				INFOPLIST_KEY_UIApplicationSupportsIndirectInputEvents = YES;
				INFOPLIST_KEY_UILaunchScreen_Generation = YES;
				INFOPLIST_KEY_UISupportedInterfaceOrientations_iPad = "UIInterfaceOrientationPortrait UIInterfaceOrientationPortraitUpsideDown UIInterfaceOrientationLandscapeLeft UIInterfaceOrientationLandscapeRight";
				INFOPLIST_KEY_UISupportedInterfaceOrientations_iPhone = "UIInterfaceOrientationPortrait UIInterfaceOrientationLandscapeLeft UIInterfaceOrientationLandscapeRight";
				IPHONEOS_DEPLOYMENT_TARGET = 15.5;
				LD_RUNPATH_SEARCH_PATHS = (
					"$(inherited)",
					"@executable_path/Frameworks",
				);
				MARKETING_VERSION = 1.0;
				PRODUCT_BUNDLE_IDENTIFIER = "Carleton.SwiftUI-UserLocation";
				PRODUCT_NAME = "$(TARGET_NAME)";
				SWIFT_EMIT_LOC_STRINGS = YES;
				SWIFT_VERSION = 5.0;
				TARGETED_DEVICE_FAMILY = "1,2";
			};
			name = Debug;
		};
		7CB2CC27297B8401005C248E /* Release */ = {
			isa = XCBuildConfiguration;
			baseConfigurationReference = 6F51D560C1BF64896A993FFD /* Pods-SwiftUI-UserLocation.release.xcconfig */;
			buildSettings = {
				ASSETCATALOG_COMPILER_APPICON_NAME = AppIcon;
				ASSETCATALOG_COMPILER_GLOBAL_ACCENT_COLOR_NAME = AccentColor;
				ASSETCATALOG_COMPILER_INCLUDE_ALL_APPICON_ASSETS = YES;
				CODE_SIGN_STYLE = Automatic;
				CURRENT_PROJECT_VERSION = 1;
				DEVELOPMENT_ASSET_PATHS = "\"SwiftUI-UserLocation/Preview Content\"";
				ENABLE_PREVIEWS = YES;
				GENERATE_INFOPLIST_FILE = YES;
				INFOPLIST_KEY_NSLocationWhenInUseUsageDescription = "This app needs your location to show it on the map";
				INFOPLIST_KEY_UIApplicationSceneManifest_Generation = YES;
				INFOPLIST_KEY_UIApplicationSupportsIndirectInputEvents = YES;
				INFOPLIST_KEY_UILaunchScreen_Generation = YES;
				INFOPLIST_KEY_UISupportedInterfaceOrientations_iPad = "UIInterfaceOrientationPortrait UIInterfaceOrientationPortraitUpsideDown UIInterfaceOrientationLandscapeLeft UIInterfaceOrientationLandscapeRight";
				INFOPLIST_KEY_UISupportedInterfaceOrientations_iPhone = "UIInterfaceOrientationPortrait UIInterfaceOrientationLandscapeLeft UIInterfaceOrientationLandscapeRight";
				IPHONEOS_DEPLOYMENT_TARGET = 15.5;
				LD_RUNPATH_SEARCH_PATHS = (
					"$(inherited)",
					"@executable_path/Frameworks",
				);
				MARKETING_VERSION = 1.0;
				PRODUCT_BUNDLE_IDENTIFIER = "Carleton.SwiftUI-UserLocation";
				PRODUCT_NAME = "$(TARGET_NAME)";
				SWIFT_EMIT_LOC_STRINGS = YES;
				SWIFT_VERSION = 5.0;
				TARGETED_DEVICE_FAMILY = "1,2";
			};
			name = Release;
		};
		7CB2CC29297B8401005C248E /* Debug */ = {
			isa = XCBuildConfiguration;
			baseConfigurationReference = F1EF407A915416460385D6B8 /* Pods-SwiftUI-UserLocationTests.debug.xcconfig */;
			buildSettings = {
				ALWAYS_EMBED_SWIFT_STANDARD_LIBRARIES = YES;
				BUNDLE_LOADER = "$(TEST_HOST)";
				CODE_SIGN_STYLE = Automatic;
				CURRENT_PROJECT_VERSION = 1;
				GENERATE_INFOPLIST_FILE = YES;
				IPHONEOS_DEPLOYMENT_TARGET = 15.5;
				MARKETING_VERSION = 1.0;
				PRODUCT_BUNDLE_IDENTIFIER = "Carleton.SwiftUI-UserLocationTests";
				PRODUCT_NAME = "$(TARGET_NAME)";
				SWIFT_EMIT_LOC_STRINGS = NO;
				SWIFT_VERSION = 5.0;
				TARGETED_DEVICE_FAMILY = "1,2";
				TEST_HOST = "$(BUILT_PRODUCTS_DIR)/SwiftUI-UserLocation.app/SwiftUI-UserLocation";
			};
			name = Debug;
		};
		7CB2CC2A297B8401005C248E /* Release */ = {
			isa = XCBuildConfiguration;
			baseConfigurationReference = 4EEB5F786365A26911204CDD /* Pods-SwiftUI-UserLocationTests.release.xcconfig */;
			buildSettings = {
				ALWAYS_EMBED_SWIFT_STANDARD_LIBRARIES = YES;
				BUNDLE_LOADER = "$(TEST_HOST)";
				CODE_SIGN_STYLE = Automatic;
				CURRENT_PROJECT_VERSION = 1;
				GENERATE_INFOPLIST_FILE = YES;
				IPHONEOS_DEPLOYMENT_TARGET = 15.5;
				MARKETING_VERSION = 1.0;
				PRODUCT_BUNDLE_IDENTIFIER = "Carleton.SwiftUI-UserLocationTests";
				PRODUCT_NAME = "$(TARGET_NAME)";
				SWIFT_EMIT_LOC_STRINGS = NO;
				SWIFT_VERSION = 5.0;
				TARGETED_DEVICE_FAMILY = "1,2";
				TEST_HOST = "$(BUILT_PRODUCTS_DIR)/SwiftUI-UserLocation.app/SwiftUI-UserLocation";
			};
			name = Release;
		};
		7CB2CC2C297B8401005C248E /* Debug */ = {
			isa = XCBuildConfiguration;
			baseConfigurationReference = 9EEE7553EFF5427550931009 /* Pods-SwiftUI-UserLocation-SwiftUI-UserLocationUITests.debug.xcconfig */;
			buildSettings = {
				ALWAYS_EMBED_SWIFT_STANDARD_LIBRARIES = YES;
				CODE_SIGN_STYLE = Automatic;
				CURRENT_PROJECT_VERSION = 1;
				GENERATE_INFOPLIST_FILE = YES;
				MARKETING_VERSION = 1.0;
				PRODUCT_BUNDLE_IDENTIFIER = "Carleton.SwiftUI-UserLocationUITests";
				PRODUCT_NAME = "$(TARGET_NAME)";
				SWIFT_EMIT_LOC_STRINGS = NO;
				SWIFT_VERSION = 5.0;
				TARGETED_DEVICE_FAMILY = "1,2";
				TEST_TARGET_NAME = "SwiftUI-UserLocation";
			};
			name = Debug;
		};
		7CB2CC2D297B8401005C248E /* Release */ = {
			isa = XCBuildConfiguration;
			baseConfigurationReference = 54D121C6394B9434BD81D692 /* Pods-SwiftUI-UserLocation-SwiftUI-UserLocationUITests.release.xcconfig */;
			buildSettings = {
				ALWAYS_EMBED_SWIFT_STANDARD_LIBRARIES = YES;
				CODE_SIGN_STYLE = Automatic;
				CURRENT_PROJECT_VERSION = 1;
				GENERATE_INFOPLIST_FILE = YES;
				MARKETING_VERSION = 1.0;
				PRODUCT_BUNDLE_IDENTIFIER = "Carleton.SwiftUI-UserLocationUITests";
				PRODUCT_NAME = "$(TARGET_NAME)";
				SWIFT_EMIT_LOC_STRINGS = NO;
				SWIFT_VERSION = 5.0;
				TARGETED_DEVICE_FAMILY = "1,2";
				TEST_TARGET_NAME = "SwiftUI-UserLocation";
			};
			name = Release;
		};
/* End XCBuildConfiguration section */

/* Begin XCConfigurationList section */
		7CB2CBFC297B83FE005C248E /* Build configuration list for PBXProject "SwiftUI-UserLocation" */ = {
			isa = XCConfigurationList;
			buildConfigurations = (
				7CB2CC23297B8401005C248E /* Debug */,
				7CB2CC24297B8401005C248E /* Release */,
			);
			defaultConfigurationIsVisible = 0;
			defaultConfigurationName = Release;
		};
		7CB2CC25297B8401005C248E /* Build configuration list for PBXNativeTarget "SwiftUI-UserLocation" */ = {
			isa = XCConfigurationList;
			buildConfigurations = (
				7CB2CC26297B8401005C248E /* Debug */,
				7CB2CC27297B8401005C248E /* Release */,
			);
			defaultConfigurationIsVisible = 0;
			defaultConfigurationName = Release;
		};
		7CB2CC28297B8401005C248E /* Build configuration list for PBXNativeTarget "SwiftUI-UserLocationTests" */ = {
			isa = XCConfigurationList;
			buildConfigurations = (
				7CB2CC29297B8401005C248E /* Debug */,
				7CB2CC2A297B8401005C248E /* Release */,
			);
			defaultConfigurationIsVisible = 0;
			defaultConfigurationName = Release;
		};
		7CB2CC2B297B8401005C248E /* Build configuration list for PBXNativeTarget "SwiftUI-UserLocationUITests" */ = {
			isa = XCConfigurationList;
			buildConfigurations = (
				7CB2CC2C297B8401005C248E /* Debug */,
				7CB2CC2D297B8401005C248E /* Release */,
			);
			defaultConfigurationIsVisible = 0;
			defaultConfigurationName = Release;
		};
/* End XCConfigurationList section */

/* Begin XCVersionGroup section */
		7CCB3F8029821372005DB670 /* Locations.xcdatamodeld */ = {
			isa = XCVersionGroup;
			children = (
				7CD934DE29861C6100E98C33 /* Locations Updated.xcdatamodel */,
				7CCB3F8129821372005DB670 /* Locations.xcdatamodel */,
			);
			currentVersion = 7CD934DE29861C6100E98C33 /* Locations Updated.xcdatamodel */;
			path = Locations.xcdatamodeld;
			sourceTree = "<group>";
			versionGroupType = wrapper.xcdatamodel;
		};
/* End XCVersionGroup section */
	};
	rootObject = 7CB2CBF9297B83FE005C248E /* Project object */;
}
